
Microsoft Visual Studio Solution File, Format Version 12.00
# Visual Studio Version 16
VisualStudioVersion = 16.0.31911.196
MinimumVisualStudioVersion = 10.0.40219.1
Project("{FAE04EC0-301F-11D3-BF4B-00C04F79EFBC}") = "Calculator", "Calculator.csproj", "{DC583F91-1688-408E-B62F-2A1E22C17C32}"
EndProject
Global
	GlobalSection(SolutionConfigurationPlatforms) = preSolution
		Debug|Any CPU = Debug|Any CPU
		Release|Any CPU = Release|Any CPU
	EndGlobalSection
	GlobalSection(ProjectConfigurationPlatforms) = postSolution
		{DC583F91-1688-408E-B62F-2A1E22C17C32}.Debug|Any CPU.ActiveCfg = Debug|Any CPU
		{DC583F91-1688-408E-B62F-2A1E22C17C32}.Debug|Any CPU.Build.0 = Debug|Any CPU
		{DC583F91-1688-408E-B62F-2A1E22C17C32}.Release|Any CPU.ActiveCfg = Release|Any CPU
		{DC583F91-1688-408E-B62F-2A1E22C17C32}.Release|Any CPU.Build.0 = Release|Any CPU
	EndGlobalSection
	GlobalSection(SolutionProperties) = preSolution
		HideSolutionNode = FALSE
	EndGlobalSection
	GlobalSection(ExtensibilityGlobals) = postSolution
		SolutionGuid = {3E0999F0-7644-45E3-900A-F3F6AFE8933E}
	EndGlobalSection
EndGlobal
